
Microsoft Visual Studio Solution File, Format Version 12.00
# Visual Studio Version 16
VisualStudioVersion = 16.0.31112.23
MinimumVisualStudioVersion = 10.0.40219.1
Project("{FAE04EC0-301F-11D3-BF4B-00C04F79EFBC}") = "Metro", "Metro\Metro.csproj", "{00DF9B94-1B23-4251-AB77-548D9548ED9D}"
EndProject
Global
	GlobalSection(SolutionConfigurationPlatforms) = preSolution
		Debug|Any CPU = Debug|Any CPU
		Release|Any CPU = Release|Any CPU
	EndGlobalSection
	GlobalSection(ProjectConfigurationPlatforms) = postSolution
		{00DF9B94-1B23-4251-AB77-548D9548ED9D}.Debug|Any CPU.ActiveCfg = Debug|Any CPU
		{00DF9B94-1B23-4251-AB77-548D9548ED9D}.Debug|Any CPU.Build.0 = Debug|Any CPU
		{00DF9B94-1B23-4251-AB77-548D9548ED9D}.Release|Any CPU.ActiveCfg = Release|Any CPU
		{00DF9B94-1B23-4251-AB77-548D9548ED9D}.Release|Any CPU.Build.0 = Release|Any CPU
	EndGlobalSection
	GlobalSection(SolutionProperties) = preSolution
		HideSolutionNode = FALSE
	EndGlobalSection
	GlobalSection(ExtensibilityGlobals) = postSolution
		SolutionGuid = {C125D148-2918-42DE-A49E-534D07E6BE6E}
	EndGlobalSection
EndGlobal
